
Microsoft Visual Studio Solution File, Format Version 12.00
# Visual Studio Version 17
VisualStudioVersion = 17.14.36930.0 d17.14
MinimumVisualStudioVersion = 10.0.40219.1
Project("{2150E333-8FDC-42A3-9474-1A3956D46DE8}") = "src", "src", "{02EA681E-C7D8-13C7-8484-4AC65E1B71E8}"
EndProject
Project("{2150E333-8FDC-42A3-9474-1A3956D46DE8}") = "Api", "Api", "{3AC99A6A-DBA9-4E10-9F63-0C361EE1DA7B}"
EndProject
Project("{2150E333-8FDC-42A3-9474-1A3956D46DE8}") = "Clients", "Clients", "{4CEDF00C-6F91-4AC0-B69A-05EE630654AC}"
EndProject
Project("{2150E333-8FDC-42A3-9474-1A3956D46DE8}") = "Common", "Common", "{4177D8E8-F2BB-415C-B684-5EC98C8B8C7A}"
EndProject
Project("{2150E333-8FDC-42A3-9474-1A3956D46DE8}") = "Core", "Core", "{2935A16C-00AC-4589-9160-4F2E3936AE3A}"
EndProject
Project("{2150E333-8FDC-42A3-9474-1A3956D46DE8}") = "Infrastructure", "Infrastructure", "{09355DC8-85AC-417D-8EC4-F5634D4378B9}"
EndProject
Project("{2150E333-8FDC-42A3-9474-1A3956D46DE8}") = "Presentation", "Presentation", "{CF729A69-547A-4237-925C-92513BE2D1E7}"
EndProject
Project("{FAE04EC0-301F-11D3-BF4B-00C04F79EFBC}") = "FootClub.Api.Application", "src\Api\Core\FootClub.Api.Application\FootClub.Api.Application.csproj", "{1F587F97-BC5E-4FC7-8DE1-F245D91E122A}"
EndProject
Project("{FAE04EC0-301F-11D3-BF4B-00C04F79EFBC}") = "FootClub.Api.Domain", "src\Api\Core\FootClub.Api.Domain\FootClub.Api.Domain.csproj", "{B14F5D56-DE60-4FFA-9C65-794214BCCCB5}"
EndProject
Project("{FAE04EC0-301F-11D3-BF4B-00C04F79EFBC}") = "FootClub.Api.Infrastructure", "src\Api\Infrastructure\FootClub.Api.Infrastructure\FootClub.Api.Infrastructure.csproj", "{0B1CB7D1-5453-4E15-911A-41719B244D36}"
EndProject
Project("{FAE04EC0-301F-11D3-BF4B-00C04F79EFBC}") = "FootClub.Api.Persistence", "src\Api\Infrastructure\FootClub.Api.Persistence\FootClub.Api.Persistence.csproj", "{0378F11F-7B32-4AD8-AEB9-EB95032A41DC}"
EndProject
Project("{FAE04EC0-301F-11D3-BF4B-00C04F79EFBC}") = "FootClub.Api.WebApi", "src\Api\Presentation\FootClub.Api.WebApi\FootClub.Api.WebApi.csproj", "{A1EFF9CD-7859-41EF-A632-0993F635655A}"
EndProject
Project("{FAE04EC0-301F-11D3-BF4B-00C04F79EFBC}") = "FootClub.Common", "src\Common\FootClub.Common\FootClub.Common.csproj", "{BB0C4DDE-16B2-4C3D-8AD2-B2FC1A11E957}"
EndProject
Global
	GlobalSection(SolutionConfigurationPlatforms) = preSolution
		Debug|Any CPU = Debug|Any CPU
		Release|Any CPU = Release|Any CPU
	EndGlobalSection
	GlobalSection(ProjectConfigurationPlatforms) = postSolution
		{1F587F97-BC5E-4FC7-8DE1-F245D91E122A}.Debug|Any CPU.ActiveCfg = Debug|Any CPU
		{1F587F97-BC5E-4FC7-8DE1-F245D91E122A}.Debug|Any CPU.Build.0 = Debug|Any CPU
		{1F587F97-BC5E-4FC7-8DE1-F245D91E122A}.Release|Any CPU.ActiveCfg = Release|Any CPU
		{1F587F97-BC5E-4FC7-8DE1-F245D91E122A}.Release|Any CPU.Build.0 = Release|Any CPU
		{B14F5D56-DE60-4FFA-9C65-794214BCCCB5}.Debug|Any CPU.ActiveCfg = Debug|Any CPU
		{B14F5D56-DE60-4FFA-9C65-794214BCCCB5}.Debug|Any CPU.Build.0 = Debug|Any CPU
		{B14F5D56-DE60-4FFA-9C65-794214BCCCB5}.Release|Any CPU.ActiveCfg = Release|Any CPU
		{B14F5D56-DE60-4FFA-9C65-794214BCCCB5}.Release|Any CPU.Build.0 = Release|Any CPU
		{0B1CB7D1-5453-4E15-911A-41719B244D36}.Debug|Any CPU.ActiveCfg = Debug|Any CPU
		{0B1CB7D1-5453-4E15-911A-41719B244D36}.Debug|Any CPU.Build.0 = Debug|Any CPU
		{0B1CB7D1-5453-4E15-911A-41719B244D36}.Release|Any CPU.ActiveCfg = Release|Any CPU
		{0B1CB7D1-5453-4E15-911A-41719B244D36}.Release|Any CPU.Build.0 = Release|Any CPU
		{0378F11F-7B32-4AD8-AEB9-EB95032A41DC}.Debug|Any CPU.ActiveCfg = Debug|Any CPU
		{0378F11F-7B32-4AD8-AEB9-EB95032A41DC}.Debug|Any CPU.Build.0 = Debug|Any CPU
		{0378F11F-7B32-4AD8-AEB9-EB95032A41DC}.Release|Any CPU.ActiveCfg = Release|Any CPU
		{0378F11F-7B32-4AD8-AEB9-EB95032A41DC}.Release|Any CPU.Build.0 = Release|Any CPU
		{A1EFF9CD-7859-41EF-A632-0993F635655A}.Debug|Any CPU.ActiveCfg = Debug|Any CPU
		{A1EFF9CD-7859-41EF-A632-0993F635655A}.Debug|Any CPU.Build.0 = Debug|Any CPU
		{A1EFF9CD-7859-41EF-A632-0993F635655A}.Release|Any CPU.ActiveCfg = Release|Any CPU
		{A1EFF9CD-7859-41EF-A632-0993F635655A}.Release|Any CPU.Build.0 = Release|Any CPU
		{BB0C4DDE-16B2-4C3D-8AD2-B2FC1A11E957}.Debug|Any CPU.ActiveCfg = Debug|Any CPU
		{BB0C4DDE-16B2-4C3D-8AD2-B2FC1A11E957}.Debug|Any CPU.Build.0 = Debug|Any CPU
		{BB0C4DDE-16B2-4C3D-8AD2-B2FC1A11E957}.Release|Any CPU.ActiveCfg = Release|Any CPU
		{BB0C4DDE-16B2-4C3D-8AD2-B2FC1A11E957}.Release|Any CPU.Build.0 = Release|Any CPU
	EndGlobalSection
	GlobalSection(SolutionProperties) = preSolution
		HideSolutionNode = FALSE
	EndGlobalSection
	GlobalSection(NestedProjects) = preSolution
		{3AC99A6A-DBA9-4E10-9F63-0C361EE1DA7B} = {02EA681E-C7D8-13C7-8484-4AC65E1B71E8}
		{4CEDF00C-6F91-4AC0-B69A-05EE630654AC} = {02EA681E-C7D8-13C7-8484-4AC65E1B71E8}
		{4177D8E8-F2BB-415C-B684-5EC98C8B8C7A} = {02EA681E-C7D8-13C7-8484-4AC65E1B71E8}
		{2935A16C-00AC-4589-9160-4F2E3936AE3A} = {3AC99A6A-DBA9-4E10-9F63-0C361EE1DA7B}
		{09355DC8-85AC-417D-8EC4-F5634D4378B9} = {3AC99A6A-DBA9-4E10-9F63-0C361EE1DA7B}
		{CF729A69-547A-4237-925C-92513BE2D1E7} = {3AC99A6A-DBA9-4E10-9F63-0C361EE1DA7B}
		{1F587F97-BC5E-4FC7-8DE1-F245D91E122A} = {2935A16C-00AC-4589-9160-4F2E3936AE3A}
		{B14F5D56-DE60-4FFA-9C65-794214BCCCB5} = {2935A16C-00AC-4589-9160-4F2E3936AE3A}
		{0B1CB7D1-5453-4E15-911A-41719B244D36} = {09355DC8-85AC-417D-8EC4-F5634D4378B9}
		{0378F11F-7B32-4AD8-AEB9-EB95032A41DC} = {09355DC8-85AC-417D-8EC4-F5634D4378B9}
		{A1EFF9CD-7859-41EF-A632-0993F635655A} = {CF729A69-547A-4237-925C-92513BE2D1E7}
		{BB0C4DDE-16B2-4C3D-8AD2-B2FC1A11E957} = {4177D8E8-F2BB-415C-B684-5EC98C8B8C7A}
	EndGlobalSection
	GlobalSection(ExtensibilityGlobals) = postSolution
		SolutionGuid = {75E3C203-BB73-4255-8087-9BFBD3178440}
	EndGlobalSection
EndGlobal
